
Microsoft Visual Studio Solution File, Format Version 12.00
# Visual Studio Version 17
VisualStudioVersion = 17.4.33213.308
MinimumVisualStudioVersion = 10.0.40219.1
Project("{F184B08F-C81C-45F6-A57F-5ABD9991F28F}") = "FortuneCookie", "FortuneCookie.vbproj", "{DCD88980-04EB-4ABB-BE9E-A597DE6C825A}"
EndProject
Global
	GlobalSection(SolutionConfigurationPlatforms) = preSolution
		Debug|Any CPU = Debug|Any CPU
		Release|Any CPU = Release|Any CPU
	EndGlobalSection
	GlobalSection(ProjectConfigurationPlatforms) = postSolution
		{DCD88980-04EB-4ABB-BE9E-A597DE6C825A}.Debug|Any CPU.ActiveCfg = Debug|Any CPU
		{DCD88980-04EB-4ABB-BE9E-A597DE6C825A}.Debug|Any CPU.Build.0 = Debug|Any CPU
		{DCD88980-04EB-4ABB-BE9E-A597DE6C825A}.Release|Any CPU.ActiveCfg = Release|Any CPU
		{DCD88980-04EB-4ABB-BE9E-A597DE6C825A}.Release|Any CPU.Build.0 = Release|Any CPU
	EndGlobalSection
	GlobalSection(SolutionProperties) = preSolution
		HideSolutionNode = FALSE
	EndGlobalSection
	GlobalSection(ExtensibilityGlobals) = postSolution
		SolutionGuid = {77ABEA71-E6A1-4487-9335-4AF90C95E147}
	EndGlobalSection
EndGlobal
